// !$*UTF8*$!
{
	archiveVersion = 1;
	classes = {
	};
	objectVersion = 55;
	objects = {

/* Begin PBXBuildFile section */
		022F1E3627E651A5004CC37F /* AppDelegate.swift in Sources */ = {isa = PBXBuildFile; fileRef = 022F1E3527E651A5004CC37F /* AppDelegate.swift */; };
		022F1E3827E651A5004CC37F /* SceneDelegate.swift in Sources */ = {isa = PBXBuildFile; fileRef = 022F1E3727E651A5004CC37F /* SceneDelegate.swift */; };
		022F1E3F27E651A5004CC37F /* Assets.xcassets in Resources */ = {isa = PBXBuildFile; fileRef = 022F1E3E27E651A5004CC37F /* Assets.xcassets */; };
		022F1E4227E651A5004CC37F /* LaunchScreen.storyboard in Resources */ = {isa = PBXBuildFile; fileRef = 022F1E4027E651A5004CC37F /* LaunchScreen.storyboard */; };
		022F1E4A27E6559E004CC37F /* PortfolioViewController.swift in Sources */ = {isa = PBXBuildFile; fileRef = 022F1E4927E6559E004CC37F /* PortfolioViewController.swift */; };
		022F1E4C27E6585C004CC37F /* WalletInfoViewController.swift in Sources */ = {isa = PBXBuildFile; fileRef = 022F1E4B27E6585C004CC37F /* WalletInfoViewController.swift */; };
		028BF8A527E76302007AD1B8 /* Moya in Frameworks */ = {isa = PBXBuildFile; productRef = 028BF8A427E76302007AD1B8 /* Moya */; };
		02BE4F9227E6642500DC95C8 /* WalletTableViewCell.swift in Sources */ = {isa = PBXBuildFile; fileRef = 02BE4F9127E6642500DC95C8 /* WalletTableViewCell.swift */; };
		02BE4F9527E66A1800DC95C8 /* Wallet.swift in Sources */ = {isa = PBXBuildFile; fileRef = 02BE4F9427E66A1800DC95C8 /* Wallet.swift */; };
/* End PBXBuildFile section */

/* Begin PBXFileReference section */
		022F1E3227E651A5004CC37F /* BTCWallet.app */ = {isa = PBXFileReference; explicitFileType = wrapper.application; includeInIndex = 0; path = BTCWallet.app; sourceTree = BUILT_PRODUCTS_DIR; };
		022F1E3527E651A5004CC37F /* AppDelegate.swift */ = {isa = PBXFileReference; lastKnownFileType = sourcecode.swift; path = AppDelegate.swift; sourceTree = "<group>"; };
		022F1E3727E651A5004CC37F /* SceneDelegate.swift */ = {isa = PBXFileReference; lastKnownFileType = sourcecode.swift; path = SceneDelegate.swift; sourceTree = "<group>"; };
		022F1E3E27E651A5004CC37F /* Assets.xcassets */ = {isa = PBXFileReference; lastKnownFileType = folder.assetcatalog; path = Assets.xcassets; sourceTree = "<group>"; };
		022F1E4127E651A5004CC37F /* Base */ = {isa = PBXFileReference; lastKnownFileType = file.storyboard; name = Base; path = Base.lproj/LaunchScreen.storyboard; sourceTree = "<group>"; };
		022F1E4327E651A5004CC37F /* Info.plist */ = {isa = PBXFileReference; lastKnownFileType = text.plist.xml; path = Info.plist; sourceTree = "<group>"; };
		022F1E4927E6559E004CC37F /* PortfolioViewController.swift */ = {isa = PBXFileReference; lastKnownFileType = sourcecode.swift; path = PortfolioViewController.swift; sourceTree = "<group>"; };
		022F1E4B27E6585C004CC37F /* WalletInfoViewController.swift */ = {isa = PBXFileReference; lastKnownFileType = sourcecode.swift; path = WalletInfoViewController.swift; sourceTree = "<group>"; };
		02BE4F9127E6642500DC95C8 /* WalletTableViewCell.swift */ = {isa = PBXFileReference; lastKnownFileType = sourcecode.swift; path = WalletTableViewCell.swift; sourceTree = "<group>"; };
		02BE4F9427E66A1800DC95C8 /* Wallet.swift */ = {isa = PBXFileReference; lastKnownFileType = sourcecode.swift; path = Wallet.swift; sourceTree = "<group>"; };
/* End PBXFileReference section */

/* Begin PBXFrameworksBuildPhase section */
		022F1E2F27E651A5004CC37F /* Frameworks */ = {
			isa = PBXFrameworksBuildPhase;
			buildActionMask = 2147483647;
			files = (
				028BF8A527E76302007AD1B8 /* Moya in Frameworks */,
			);
			runOnlyForDeploymentPostprocessing = 0;
		};
/* End PBXFrameworksBuildPhase section */

/* Begin PBXGroup section */
		022F1E2927E651A5004CC37F = {
			isa = PBXGroup;
			children = (
				022F1E3427E651A5004CC37F /* BTCWallet */,
				022F1E3327E651A5004CC37F /* Products */,
			);
			sourceTree = "<group>";
		};
		022F1E3327E651A5004CC37F /* Products */ = {
			isa = PBXGroup;
			children = (
				022F1E3227E651A5004CC37F /* BTCWallet.app */,
			);
			name = Products;
			sourceTree = "<group>";
		};
		022F1E3427E651A5004CC37F /* BTCWallet */ = {
			isa = PBXGroup;
			children = (
				02A5AAAC27E75A2B0054985A /* Network */,
				02BE4F9327E66A0D00DC95C8 /* Models */,
				022F1E4E27E6591F004CC37F /* Application */,
				022F1E4F27E65938004CC37F /* Resources */,
				022F1E4D27E65883004CC37F /* ViewControllers */,
				022F1E5027E65947004CC37F /* Views */,
			);
			path = BTCWallet;
			sourceTree = "<group>";
		};
		022F1E4D27E65883004CC37F /* ViewControllers */ = {
			isa = PBXGroup;
			children = (
				022F1E4927E6559E004CC37F /* PortfolioViewController.swift */,
				022F1E4B27E6585C004CC37F /* WalletInfoViewController.swift */,
			);
			path = ViewControllers;
			sourceTree = "<group>";
		};
		022F1E4E27E6591F004CC37F /* Application */ = {
			isa = PBXGroup;
			children = (
				022F1E3527E651A5004CC37F /* AppDelegate.swift */,
				022F1E3727E651A5004CC37F /* SceneDelegate.swift */,
			);
			path = Application;
			sourceTree = "<group>";
		};
		022F1E4F27E65938004CC37F /* Resources */ = {
			isa = PBXGroup;
			children = (
				022F1E4327E651A5004CC37F /* Info.plist */,
				022F1E3E27E651A5004CC37F /* Assets.xcassets */,
			);
			path = Resources;
			sourceTree = "<group>";
		};
		022F1E5027E65947004CC37F /* Views */ = {
			isa = PBXGroup;
			children = (
				022F1E4027E651A5004CC37F /* LaunchScreen.storyboard */,
				02BE4F9127E6642500DC95C8 /* WalletTableViewCell.swift */,
			);
			path = Views;
			sourceTree = "<group>";
		};
		02A5AAAC27E75A2B0054985A /* Network */ = {
			isa = PBXGroup;
			children = (
			);
			path = Network;
			sourceTree = "<group>";
		};
		02BE4F9327E66A0D00DC95C8 /* Models */ = {
			isa = PBXGroup;
			children = (
				02BE4F9427E66A1800DC95C8 /* Wallet.swift */,
			);
			path = Models;
			sourceTree = "<group>";
		};
/* End PBXGroup section */

/* Begin PBXNativeTarget section */
		022F1E3127E651A5004CC37F /* BTCWallet */ = {
			isa = PBXNativeTarget;
			buildConfigurationList = 022F1E4627E651A5004CC37F /* Build configuration list for PBXNativeTarget "BTCWallet" */;
			buildPhases = (
				022F1E2E27E651A5004CC37F /* Sources */,
				022F1E2F27E651A5004CC37F /* Frameworks */,
				022F1E3027E651A5004CC37F /* Resources */,
			);
			buildRules = (
			);
			dependencies = (
			);
			name = BTCWallet;
			packageProductDependencies = (
				028BF8A427E76302007AD1B8 /* Moya */,
			);
			productName = BTCWallet;
			productReference = 022F1E3227E651A5004CC37F /* BTCWallet.app */;
			productType = "com.apple.product-type.application";
		};
/* End PBXNativeTarget section */

/* Begin PBXProject section */
		022F1E2A27E651A5004CC37F /* Project object */ = {
			isa = PBXProject;
			attributes = {
				BuildIndependentTargetsInParallel = 1;
				LastSwiftUpdateCheck = 1330;
				LastUpgradeCheck = 1330;
				TargetAttributes = {
					022F1E3127E651A5004CC37F = {
						CreatedOnToolsVersion = 13.3;
					};
				};
			};
			buildConfigurationList = 022F1E2D27E651A5004CC37F /* Build configuration list for PBXProject "BTCWallet" */;
			compatibilityVersion = "Xcode 13.0";
			developmentRegion = en;
			hasScannedForEncodings = 0;
			knownRegions = (
				en,
				Base,
			);
			mainGroup = 022F1E2927E651A5004CC37F;
			packageReferences = (
				028BF8A327E76302007AD1B8 /* XCRemoteSwiftPackageReference "Moya" */,
			);
			productRefGroup = 022F1E3327E651A5004CC37F /* Products */;
			projectDirPath = "";
			projectRoot = "";
			targets = (
				022F1E3127E651A5004CC37F /* BTCWallet */,
			);
		};
/* End PBXProject section */

/* Begin PBXResourcesBuildPhase section */
		022F1E3027E651A5004CC37F /* Resources */ = {
			isa = PBXResourcesBuildPhase;
			buildActionMask = 2147483647;
			files = (
				022F1E4227E651A5004CC37F /* LaunchScreen.storyboard in Resources */,
				022F1E3F27E651A5004CC37F /* Assets.xcassets in Resources */,
			);
			runOnlyForDeploymentPostprocessing = 0;
		};
/* End PBXResourcesBuildPhase section */

/* Begin PBXSourcesBuildPhase section */
		022F1E2E27E651A5004CC37F /* Sources */ = {
			isa = PBXSourcesBuildPhase;
			buildActionMask = 2147483647;
			files = (
				02BE4F9527E66A1800DC95C8 /* Wallet.swift in Sources */,
				022F1E3627E651A5004CC37F /* AppDelegate.swift in Sources */,
				022F1E4C27E6585C004CC37F /* WalletInfoViewController.swift in Sources */,
				022F1E4A27E6559E004CC37F /* PortfolioViewController.swift in Sources */,
				022F1E3827E651A5004CC37F /* SceneDelegate.swift in Sources */,
				02BE4F9227E6642500DC95C8 /* WalletTableViewCell.swift in Sources */,
			);
			runOnlyForDeploymentPostprocessing = 0;
		};
/* End PBXSourcesBuildPhase section */

/* Begin PBXVariantGroup section */
		022F1E4027E651A5004CC37F /* LaunchScreen.storyboard */ = {
			isa = PBXVariantGroup;
			children = (
				022F1E4127E651A5004CC37F /* Base */,
			);
			name = LaunchScreen.storyboard;
			sourceTree = "<group>";
		};
/* End PBXVariantGroup section */

/* Begin XCBuildConfiguration section */
		022F1E4427E651A5004CC37F /* Debug */ = {
			isa = XCBuildConfiguration;
			buildSettings = {
				ALWAYS_SEARCH_USER_PATHS = NO;
				CLANG_ANALYZER_NONNULL = YES;
				CLANG_ANALYZER_NUMBER_OBJECT_CONVERSION = YES_AGGRESSIVE;
				CLANG_CXX_LANGUAGE_STANDARD = "gnu++17";
				CLANG_ENABLE_MODULES = YES;
				CLANG_ENABLE_OBJC_ARC = YES;
				CLANG_ENABLE_OBJC_WEAK = YES;
				CLANG_WARN_BLOCK_CAPTURE_AUTORELEASING = YES;
				CLANG_WARN_BOOL_CONVERSION = YES;
				CLANG_WARN_COMMA = YES;
				CLANG_WARN_CONSTANT_CONVERSION = YES;
				CLANG_WARN_DEPRECATED_OBJC_IMPLEMENTATIONS = YES;
				CLANG_WARN_DIRECT_OBJC_ISA_USAGE = YES_ERROR;
				CLANG_WARN_DOCUMENTATION_COMMENTS = YES;
				CLANG_WARN_EMPTY_BODY = YES;
				CLANG_WARN_ENUM_CONVERSION = YES;
				CLANG_WARN_INFINITE_RECURSION = YES;
				CLANG_WARN_INT_CONVERSION = YES;
				CLANG_WARN_NON_LITERAL_NULL_CONVERSION = YES;
				CLANG_WARN_OBJC_IMPLICIT_RETAIN_SELF = YES;
				CLANG_WARN_OBJC_LITERAL_CONVERSION = YES;
				CLANG_WARN_OBJC_ROOT_CLASS = YES_ERROR;
				CLANG_WARN_QUOTED_INCLUDE_IN_FRAMEWORK_HEADER = YES;
				CLANG_WARN_RANGE_LOOP_ANALYSIS = YES;
				CLANG_WARN_STRICT_PROTOTYPES = YES;
				CLANG_WARN_SUSPICIOUS_MOVE = YES;
				CLANG_WARN_UNGUARDED_AVAILABILITY = YES_AGGRESSIVE;
				CLANG_WARN_UNREACHABLE_CODE = YES;
				CLANG_WARN__DUPLICATE_METHOD_MATCH = YES;
				COPY_PHASE_STRIP = NO;
				DEBUG_INFORMATION_FORMAT = dwarf;
				ENABLE_STRICT_OBJC_MSGSEND = YES;
				ENABLE_TESTABILITY = YES;
				GCC_C_LANGUAGE_STANDARD = gnu11;
				GCC_DYNAMIC_NO_PIC = NO;
				GCC_NO_COMMON_BLOCKS = YES;
				GCC_OPTIMIZATION_LEVEL = 0;
				GCC_PREPROCESSOR_DEFINITIONS = (
					"DEBUG=1",
					"$(inherited)",
				);
				GCC_WARN_64_TO_32_BIT_CONVERSION = YES;
				GCC_WARN_ABOUT_RETURN_TYPE = YES_ERROR;
				GCC_WARN_UNDECLARED_SELECTOR = YES;
				GCC_WARN_UNINITIALIZED_AUTOS = YES_AGGRESSIVE;
				GCC_WARN_UNUSED_FUNCTION = YES;
				GCC_WARN_UNUSED_VARIABLE = YES;
				IPHONEOS_DEPLOYMENT_TARGET = 15.4;
				MTL_ENABLE_DEBUG_INFO = INCLUDE_SOURCE;
				MTL_FAST_MATH = YES;
				ONLY_ACTIVE_ARCH = YES;
				SDKROOT = iphoneos;
				SWIFT_ACTIVE_COMPILATION_CONDITIONS = DEBUG;
				SWIFT_OPTIMIZATION_LEVEL = "-Onone";
			};
			name = Debug;
		};
		022F1E4527E651A5004CC37F /* Release */ = {
			isa = XCBuildConfiguration;
			buildSettings = {
				ALWAYS_SEARCH_USER_PATHS = NO;
				CLANG_ANALYZER_NONNULL = YES;
				CLANG_ANALYZER_NUMBER_OBJECT_CONVERSION = YES_AGGRESSIVE;
				CLANG_CXX_LANGUAGE_STANDARD = "gnu++17";
				CLANG_ENABLE_MODULES = YES;
				CLANG_ENABLE_OBJC_ARC = YES;
				CLANG_ENABLE_OBJC_WEAK = YES;
				CLANG_WARN_BLOCK_CAPTURE_AUTORELEASING = YES;
				CLANG_WARN_BOOL_CONVERSION = YES;
				CLANG_WARN_COMMA = YES;
				CLANG_WARN_CONSTANT_CONVERSION = YES;
				CLANG_WARN_DEPRECATED_OBJC_IMPLEMENTATIONS = YES;
				CLANG_WARN_DIRECT_OBJC_ISA_USAGE = YES_ERROR;
				CLANG_WARN_DOCUMENTATION_COMMENTS = YES;
				CLANG_WARN_EMPTY_BODY = YES;
				CLANG_WARN_ENUM_CONVERSION = YES;
				CLANG_WARN_INFINITE_RECURSION = YES;
				CLANG_WARN_INT_CONVERSION = YES;
				CLANG_WARN_NON_LITERAL_NULL_CONVERSION = YES;
				CLANG_WARN_OBJC_IMPLICIT_RETAIN_SELF = YES;
				CLANG_WARN_OBJC_LITERAL_CONVERSION = YES;
				CLANG_WARN_OBJC_ROOT_CLASS = YES_ERROR;
				CLANG_WARN_QUOTED_INCLUDE_IN_FRAMEWORK_HEADER = YES;
				CLANG_WARN_RANGE_LOOP_ANALYSIS = YES;
				CLANG_WARN_STRICT_PROTOTYPES = YES;
				CLANG_WARN_SUSPICIOUS_MOVE = YES;
				CLANG_WARN_UNGUARDED_AVAILABILITY = YES_AGGRESSIVE;
				CLANG_WARN_UNREACHABLE_CODE = YES;
				CLANG_WARN__DUPLICATE_METHOD_MATCH = YES;
				COPY_PHASE_STRIP = NO;
				DEBUG_INFORMATION_FORMAT = "dwarf-with-dsym";
				ENABLE_NS_ASSERTIONS = NO;
				ENABLE_STRICT_OBJC_MSGSEND = YES;
				GCC_C_LANGUAGE_STANDARD = gnu11;
				GCC_NO_COMMON_BLOCKS = YES;
				GCC_WARN_64_TO_32_BIT_CONVERSION = YES;
				GCC_WARN_ABOUT_RETURN_TYPE = YES_ERROR;
				GCC_WARN_UNDECLARED_SELECTOR = YES;
				GCC_WARN_UNINITIALIZED_AUTOS = YES_AGGRESSIVE;
				GCC_WARN_UNUSED_FUNCTION = YES;
				GCC_WARN_UNUSED_VARIABLE = YES;
				IPHONEOS_DEPLOYMENT_TARGET = 15.4;
				MTL_ENABLE_DEBUG_INFO = NO;
				MTL_FAST_MATH = YES;
				SDKROOT = iphoneos;
				SWIFT_COMPILATION_MODE = wholemodule;
				SWIFT_OPTIMIZATION_LEVEL = "-O";
				VALIDATE_PRODUCT = YES;
			};
			name = Release;
		};
		022F1E4727E651A5004CC37F /* Debug */ = {
			isa = XCBuildConfiguration;
			buildSettings = {
				ASSETCATALOG_COMPILER_APPICON_NAME = AppIcon;
				ASSETCATALOG_COMPILER_GLOBAL_ACCENT_COLOR_NAME = AccentColor;
				CODE_SIGN_STYLE = Automatic;
				CURRENT_PROJECT_VERSION = 1;
				DEVELOPMENT_TEAM = BJNJ35894G;
				GENERATE_INFOPLIST_FILE = YES;
				INFOPLIST_FILE = BTCWallet/Resources/Info.plist;
				INFOPLIST_KEY_UIApplicationSupportsIndirectInputEvents = YES;
				INFOPLIST_KEY_UILaunchStoryboardName = LaunchScreen;
				INFOPLIST_KEY_UISupportedInterfaceOrientations = "";
				INFOPLIST_KEY_UISupportedInterfaceOrientations_iPad = "UIInterfaceOrientationPortrait UIInterfaceOrientationPortraitUpsideDown UIInterfaceOrientationLandscapeLeft UIInterfaceOrientationLandscapeRight";
				INFOPLIST_KEY_UISupportedInterfaceOrientations_iPhone = "UIInterfaceOrientationPortrait UIInterfaceOrientationLandscapeLeft UIInterfaceOrientationLandscapeRight";
				IPHONEOS_DEPLOYMENT_TARGET = 15.4;
				LD_RUNPATH_SEARCH_PATHS = (
					"$(inherited)",
					"@executable_path/Frameworks",
				);
				MARKETING_VERSION = 1.0;
				PRODUCT_BUNDLE_IDENTIFIER = alexanderkovzhut.BTCWallet;
				PRODUCT_NAME = "$(TARGET_NAME)";
				SWIFT_EMIT_LOC_STRINGS = YES;
				SWIFT_VERSION = 5.0;
				TARGETED_DEVICE_FAMILY = 1;
			};
			name = Debug;
		};
		022F1E4827E651A5004CC37F /* Release */ = {
			isa = XCBuildConfiguration;
			buildSettings = {
				ASSETCATALOG_COMPILER_APPICON_NAME = AppIcon;
				ASSETCATALOG_COMPILER_GLOBAL_ACCENT_COLOR_NAME = AccentColor;
				CODE_SIGN_STYLE = Automatic;
				CURRENT_PROJECT_VERSION = 1;
				DEVELOPMENT_TEAM = BJNJ35894G;
				GENERATE_INFOPLIST_FILE = YES;
				INFOPLIST_FILE = BTCWallet/Resources/Info.plist;
				INFOPLIST_KEY_UIApplicationSupportsIndirectInputEvents = YES;
				INFOPLIST_KEY_UILaunchStoryboardName = LaunchScreen;
				INFOPLIST_KEY_UISupportedInterfaceOrientations = "";
				INFOPLIST_KEY_UISupportedInterfaceOrientations_iPad = "UIInterfaceOrientationPortrait UIInterfaceOrientationPortraitUpsideDown UIInterfaceOrientationLandscapeLeft UIInterfaceOrientationLandscapeRight";
				INFOPLIST_KEY_UISupportedInterfaceOrientations_iPhone = "UIInterfaceOrientationPortrait UIInterfaceOrientationLandscapeLeft UIInterfaceOrientationLandscapeRight";
				IPHONEOS_DEPLOYMENT_TARGET = 15.4;
				LD_RUNPATH_SEARCH_PATHS = (
					"$(inherited)",
					"@executable_path/Frameworks",
				);
				MARKETING_VERSION = 1.0;
				PRODUCT_BUNDLE_IDENTIFIER = alexanderkovzhut.BTCWallet;
				PRODUCT_NAME = "$(TARGET_NAME)";
				SWIFT_EMIT_LOC_STRINGS = YES;
				SWIFT_VERSION = 5.0;
				TARGETED_DEVICE_FAMILY = 1;
			};
			name = Release;
		};
/* End XCBuildConfiguration section */

/* Begin XCConfigurationList section */
		022F1E2D27E651A5004CC37F /* Build configuration list for PBXProject "BTCWallet" */ = {
			isa = XCConfigurationList;
			buildConfigurations = (
				022F1E4427E651A5004CC37F /* Debug */,
				022F1E4527E651A5004CC37F /* Release */,
			);
			defaultConfigurationIsVisible = 0;
			defaultConfigurationName = Release;
		};
		022F1E4627E651A5004CC37F /* Build configuration list for PBXNativeTarget "BTCWallet" */ = {
			isa = XCConfigurationList;
			buildConfigurations = (
				022F1E4727E651A5004CC37F /* Debug */,
				022F1E4827E651A5004CC37F /* Release */,
			);
			defaultConfigurationIsVisible = 0;
			defaultConfigurationName = Release;
		};
/* End XCConfigurationList section */

/* Begin XCRemoteSwiftPackageReference section */
		028BF8A327E76302007AD1B8 /* XCRemoteSwiftPackageReference "Moya" */ = {
			isa = XCRemoteSwiftPackageReference;
			repositoryURL = "https://github.com/Moya/Moya";
			requirement = {
				branch = master;
				kind = branch;
			};
		};
/* End XCRemoteSwiftPackageReference section */

/* Begin XCSwiftPackageProductDependency section */
		028BF8A427E76302007AD1B8 /* Moya */ = {
			isa = XCSwiftPackageProductDependency;
			package = 028BF8A327E76302007AD1B8 /* XCRemoteSwiftPackageReference "Moya" */;
			productName = Moya;
		};
/* End XCSwiftPackageProductDependency section */
	};
	rootObject = 022F1E2A27E651A5004CC37F /* Project object */;
}
